
Microsoft Visual Studio Solution File, Format Version 12.00
# Visual Studio 15
VisualStudioVersion = 15.0.28307.779
MinimumVisualStudioVersion = 10.0.40219.1
Project("{FAE04EC0-301F-11D3-BF4B-00C04F79EFBC}") = "ADO.NETDemo", "ADO.NETDemo\ADO.NETDemo.csproj", "{70C33106-2224-49FE-8F74-D192F30DE2FE}"
EndProject
Project("{FAE04EC0-301F-11D3-BF4B-00C04F79EFBC}") = "ADO.NETDemo1", "ADO.NETDemo1\ADO.NETDemo1.csproj", "{93DDB812-F383-4233-B31E-E938E35D7530}"
EndProject
Project("{FAE04EC0-301F-11D3-BF4B-00C04F79EFBC}") = "ADO.NETDemo2", "ADO.NETDemo2\ADO.NETDemo2.csproj", "{78391122-B75A-48BE-91A1-7AE67965F67B}"
EndProject
Project("{FAE04EC0-301F-11D3-BF4B-00C04F79EFBC}") = "ADO.NETDemo3", "ADO.NETDemo3\ADO.NETDemo3.csproj", "{D120C1A3-303D-43BF-B12F-FABA2B883F9B}"
EndProject
Project("{FAE04EC0-301F-11D3-BF4B-00C04F79EFBC}") = "ADO.NETDemo4", "ADO.NETDemo4\ADO.NETDemo4.csproj", "{7F96D9D9-A18A-4775-8F6B-B888F17C1F48}"
EndProject
Project("{FAE04EC0-301F-11D3-BF4B-00C04F79EFBC}") = "ADO.NETDemo5", "ADO.NETDemo5\ADO.NETDemo5.csproj", "{9663C58B-A444-4722-B8D4-771EE9B85107}"
EndProject
Project("{FAE04EC0-301F-11D3-BF4B-00C04F79EFBC}") = "ADO.NETDemo6", "ADO.NETDemo6\ADO.NETDemo6.csproj", "{CEEF1F62-1F9F-4EEA-B012-641107AC5356}"
EndProject
Project("{FAE04EC0-301F-11D3-BF4B-00C04F79EFBC}") = "ADO.NETDemo7", "ADO.NETDemo7\ADO.NETDemo7.csproj", "{993432D4-48A0-47EC-8C30-F3C0198F11E9}"
EndProject
Project("{FAE04EC0-301F-11D3-BF4B-00C04F79EFBC}") = "ADO.NETDemo8", "ADO.NETDemo8\ADO.NETDemo8.csproj", "{17B49F75-298C-43D9-80BA-A4077F70E8A5}"
EndProject
Global
	GlobalSection(SolutionConfigurationPlatforms) = preSolution
		Debug|Any CPU = Debug|Any CPU
		Release|Any CPU = Release|Any CPU
	EndGlobalSection
	GlobalSection(ProjectConfigurationPlatforms) = postSolution
		{70C33106-2224-49FE-8F74-D192F30DE2FE}.Debug|Any CPU.ActiveCfg = Debug|Any CPU
		{70C33106-2224-49FE-8F74-D192F30DE2FE}.Debug|Any CPU.Build.0 = Debug|Any CPU
		{70C33106-2224-49FE-8F74-D192F30DE2FE}.Release|Any CPU.ActiveCfg = Release|Any CPU
		{70C33106-2224-49FE-8F74-D192F30DE2FE}.Release|Any CPU.Build.0 = Release|Any CPU
		{93DDB812-F383-4233-B31E-E938E35D7530}.Debug|Any CPU.ActiveCfg = Debug|Any CPU
		{93DDB812-F383-4233-B31E-E938E35D7530}.Debug|Any CPU.Build.0 = Debug|Any CPU
		{93DDB812-F383-4233-B31E-E938E35D7530}.Release|Any CPU.ActiveCfg = Release|Any CPU
		{93DDB812-F383-4233-B31E-E938E35D7530}.Release|Any CPU.Build.0 = Release|Any CPU
		{78391122-B75A-48BE-91A1-7AE67965F67B}.Debug|Any CPU.ActiveCfg = Debug|Any CPU
		{78391122-B75A-48BE-91A1-7AE67965F67B}.Debug|Any CPU.Build.0 = Debug|Any CPU
		{78391122-B75A-48BE-91A1-7AE67965F67B}.Release|Any CPU.ActiveCfg = Release|Any CPU
		{78391122-B75A-48BE-91A1-7AE67965F67B}.Release|Any CPU.Build.0 = Release|Any CPU
		{D120C1A3-303D-43BF-B12F-FABA2B883F9B}.Debug|Any CPU.ActiveCfg = Debug|Any CPU
		{D120C1A3-303D-43BF-B12F-FABA2B883F9B}.Debug|Any CPU.Build.0 = Debug|Any CPU
		{D120C1A3-303D-43BF-B12F-FABA2B883F9B}.Release|Any CPU.ActiveCfg = Release|Any CPU
		{D120C1A3-303D-43BF-B12F-FABA2B883F9B}.Release|Any CPU.Build.0 = Release|Any CPU
		{7F96D9D9-A18A-4775-8F6B-B888F17C1F48}.Debug|Any CPU.ActiveCfg = Debug|Any CPU
		{7F96D9D9-A18A-4775-8F6B-B888F17C1F48}.Debug|Any CPU.Build.0 = Debug|Any CPU
		{7F96D9D9-A18A-4775-8F6B-B888F17C1F48}.Release|Any CPU.ActiveCfg = Release|Any CPU
		{7F96D9D9-A18A-4775-8F6B-B888F17C1F48}.Release|Any CPU.Build.0 = Release|Any CPU
		{9663C58B-A444-4722-B8D4-771EE9B85107}.Debug|Any CPU.ActiveCfg = Debug|Any CPU
		{9663C58B-A444-4722-B8D4-771EE9B85107}.Debug|Any CPU.Build.0 = Debug|Any CPU
		{9663C58B-A444-4722-B8D4-771EE9B85107}.Release|Any CPU.ActiveCfg = Release|Any CPU
		{9663C58B-A444-4722-B8D4-771EE9B85107}.Release|Any CPU.Build.0 = Release|Any CPU
		{CEEF1F62-1F9F-4EEA-B012-641107AC5356}.Debug|Any CPU.ActiveCfg = Debug|Any CPU
		{CEEF1F62-1F9F-4EEA-B012-641107AC5356}.Debug|Any CPU.Build.0 = Debug|Any CPU
		{CEEF1F62-1F9F-4EEA-B012-641107AC5356}.Release|Any CPU.ActiveCfg = Release|Any CPU
		{CEEF1F62-1F9F-4EEA-B012-641107AC5356}.Release|Any CPU.Build.0 = Release|Any CPU
		{993432D4-48A0-47EC-8C30-F3C0198F11E9}.Debug|Any CPU.ActiveCfg = Debug|Any CPU
		{993432D4-48A0-47EC-8C30-F3C0198F11E9}.Debug|Any CPU.Build.0 = Debug|Any CPU
		{993432D4-48A0-47EC-8C30-F3C0198F11E9}.Release|Any CPU.ActiveCfg = Release|Any CPU
		{993432D4-48A0-47EC-8C30-F3C0198F11E9}.Release|Any CPU.Build.0 = Release|Any CPU
		{17B49F75-298C-43D9-80BA-A4077F70E8A5}.Debug|Any CPU.ActiveCfg = Debug|Any CPU
		{17B49F75-298C-43D9-80BA-A4077F70E8A5}.Debug|Any CPU.Build.0 = Debug|Any CPU
		{17B49F75-298C-43D9-80BA-A4077F70E8A5}.Release|Any CPU.ActiveCfg = Release|Any CPU
		{17B49F75-298C-43D9-80BA-A4077F70E8A5}.Release|Any CPU.Build.0 = Release|Any CPU
	EndGlobalSection
	GlobalSection(SolutionProperties) = preSolution
		HideSolutionNode = FALSE
	EndGlobalSection
	GlobalSection(ExtensibilityGlobals) = postSolution
		SolutionGuid = {FFCAE32E-1FD4-485E-81F6-B07C13E6E841}
	EndGlobalSection
EndGlobal
